
Microsoft Visual Studio Solution File, Format Version 12.00
# Visual Studio Version 17
VisualStudioVersion = 17.4.33213.308
MinimumVisualStudioVersion = 10.0.40219.1
Project("{FAE04EC0-301F-11D3-BF4B-00C04F79EFBC}") = "ConsumerCS", "ConsumerCS\ConsumerCS.csproj", "{C52C1FEA-F4BC-41FE-9F6B-D237B32844FF}"
EndProject
Global
	GlobalSection(SolutionConfigurationPlatforms) = preSolution
		Debug|Any CPU = Debug|Any CPU
		Release|Any CPU = Release|Any CPU
	EndGlobalSection
	GlobalSection(ProjectConfigurationPlatforms) = postSolution
		{C52C1FEA-F4BC-41FE-9F6B-D237B32844FF}.Debug|Any CPU.ActiveCfg = Debug|Any CPU
		{C52C1FEA-F4BC-41FE-9F6B-D237B32844FF}.Debug|Any CPU.Build.0 = Debug|Any CPU
		{C52C1FEA-F4BC-41FE-9F6B-D237B32844FF}.Release|Any CPU.ActiveCfg = Release|Any CPU
		{C52C1FEA-F4BC-41FE-9F6B-D237B32844FF}.Release|Any CPU.Build.0 = Release|Any CPU
	EndGlobalSection
	GlobalSection(SolutionProperties) = preSolution
		HideSolutionNode = FALSE
	EndGlobalSection
	GlobalSection(ExtensibilityGlobals) = postSolution
		SolutionGuid = {FC883EC3-0E6C-41FC-82ED-CAE9E5F226D3}
	EndGlobalSection
EndGlobal
